// !$*UTF8*$!
{
	archiveVersion = 1;
	classes = {
	};
	objectVersion = 55;
	objects = {

/* Begin PBXBuildFile section */
		45F51014C0C959D564573D8F /* Pods_AppStore.framework in Frameworks */ = {isa = PBXBuildFile; fileRef = 0ADF0EBD8427CA45BAD278C1 /* Pods_AppStore.framework */; };
		EFD11B4B2773F67D00ADFE05 /* TodayViewController.swift in Sources */ = {isa = PBXBuildFile; fileRef = EFD11B4A2773F67D00ADFE05 /* TodayViewController.swift */; };
		EFD11B4D2773FE4E00ADFE05 /* TodayCollectionViewCell.swift in Sources */ = {isa = PBXBuildFile; fileRef = EFD11B4C2773FE4E00ADFE05 /* TodayCollectionViewCell.swift */; };
		EFD11B4F2774030600ADFE05 /* TodayCollectionHeaderView.swift in Sources */ = {isa = PBXBuildFile; fileRef = EFD11B4E2774030600ADFE05 /* TodayCollectionHeaderView.swift */; };
		EFD11B5227741C0700ADFE05 /* AppViewController.swift in Sources */ = {isa = PBXBuildFile; fileRef = EFD11B5127741C0700ADFE05 /* AppViewController.swift */; };
		EFD11B542774246100ADFE05 /* FeatureSectionView.swift in Sources */ = {isa = PBXBuildFile; fileRef = EFD11B532774246100ADFE05 /* FeatureSectionView.swift */; };
		EFD11B562774508200ADFE05 /* FeatureSectionCollectionViewCell.swift in Sources */ = {isa = PBXBuildFile; fileRef = EFD11B552774508200ADFE05 /* FeatureSectionCollectionViewCell.swift */; };
		EFD11B582774549100ADFE05 /* SeparatorView.swift in Sources */ = {isa = PBXBuildFile; fileRef = EFD11B572774549100ADFE05 /* SeparatorView.swift */; };
		EFF895512773560B00D3E76C /* AppDelegate.swift in Sources */ = {isa = PBXBuildFile; fileRef = EFF895502773560B00D3E76C /* AppDelegate.swift */; };
		EFF895532773560B00D3E76C /* SceneDelegate.swift in Sources */ = {isa = PBXBuildFile; fileRef = EFF895522773560B00D3E76C /* SceneDelegate.swift */; };
		EFF895552773560B00D3E76C /* TabBarController.swift in Sources */ = {isa = PBXBuildFile; fileRef = EFF895542773560B00D3E76C /* TabBarController.swift */; };
		EFF8955A2773560B00D3E76C /* Assets.xcassets in Resources */ = {isa = PBXBuildFile; fileRef = EFF895592773560B00D3E76C /* Assets.xcassets */; };
		EFF8955D2773560B00D3E76C /* LaunchScreen.storyboard in Resources */ = {isa = PBXBuildFile; fileRef = EFF8955B2773560B00D3E76C /* LaunchScreen.storyboard */; };
/* End PBXBuildFile section */

/* Begin PBXFileReference section */
		0ADF0EBD8427CA45BAD278C1 /* Pods_AppStore.framework */ = {isa = PBXFileReference; explicitFileType = wrapper.framework; includeInIndex = 0; path = Pods_AppStore.framework; sourceTree = BUILT_PRODUCTS_DIR; };
		1A6E4E703595029DFF5292F0 /* Pods-AppStore.release.xcconfig */ = {isa = PBXFileReference; includeInIndex = 1; lastKnownFileType = text.xcconfig; name = "Pods-AppStore.release.xcconfig"; path = "Target Support Files/Pods-AppStore/Pods-AppStore.release.xcconfig"; sourceTree = "<group>"; };
		3CAC281FFCF5827D30D41CCC /* Pods-AppStore.debug.xcconfig */ = {isa = PBXFileReference; includeInIndex = 1; lastKnownFileType = text.xcconfig; name = "Pods-AppStore.debug.xcconfig"; path = "Target Support Files/Pods-AppStore/Pods-AppStore.debug.xcconfig"; sourceTree = "<group>"; };
		EFD11B4A2773F67D00ADFE05 /* TodayViewController.swift */ = {isa = PBXFileReference; lastKnownFileType = sourcecode.swift; path = TodayViewController.swift; sourceTree = "<group>"; };
		EFD11B4C2773FE4E00ADFE05 /* TodayCollectionViewCell.swift */ = {isa = PBXFileReference; lastKnownFileType = sourcecode.swift; path = TodayCollectionViewCell.swift; sourceTree = "<group>"; };
		EFD11B4E2774030600ADFE05 /* TodayCollectionHeaderView.swift */ = {isa = PBXFileReference; lastKnownFileType = sourcecode.swift; path = TodayCollectionHeaderView.swift; sourceTree = "<group>"; };
		EFD11B5127741C0700ADFE05 /* AppViewController.swift */ = {isa = PBXFileReference; lastKnownFileType = sourcecode.swift; path = AppViewController.swift; sourceTree = "<group>"; };
		EFD11B532774246100ADFE05 /* FeatureSectionView.swift */ = {isa = PBXFileReference; lastKnownFileType = sourcecode.swift; path = FeatureSectionView.swift; sourceTree = "<group>"; };
		EFD11B552774508200ADFE05 /* FeatureSectionCollectionViewCell.swift */ = {isa = PBXFileReference; lastKnownFileType = sourcecode.swift; path = FeatureSectionCollectionViewCell.swift; sourceTree = "<group>"; };
		EFD11B572774549100ADFE05 /* SeparatorView.swift */ = {isa = PBXFileReference; lastKnownFileType = sourcecode.swift; path = SeparatorView.swift; sourceTree = "<group>"; };
		EFF8954D2773560B00D3E76C /* AppStore.app */ = {isa = PBXFileReference; explicitFileType = wrapper.application; includeInIndex = 0; path = AppStore.app; sourceTree = BUILT_PRODUCTS_DIR; };
		EFF895502773560B00D3E76C /* AppDelegate.swift */ = {isa = PBXFileReference; lastKnownFileType = sourcecode.swift; path = AppDelegate.swift; sourceTree = "<group>"; };
		EFF895522773560B00D3E76C /* SceneDelegate.swift */ = {isa = PBXFileReference; lastKnownFileType = sourcecode.swift; path = SceneDelegate.swift; sourceTree = "<group>"; };
		EFF895542773560B00D3E76C /* TabBarController.swift */ = {isa = PBXFileReference; lastKnownFileType = sourcecode.swift; path = TabBarController.swift; sourceTree = "<group>"; };
		EFF895592773560B00D3E76C /* Assets.xcassets */ = {isa = PBXFileReference; lastKnownFileType = folder.assetcatalog; path = Assets.xcassets; sourceTree = "<group>"; };
		EFF8955C2773560B00D3E76C /* Base */ = {isa = PBXFileReference; lastKnownFileType = file.storyboard; name = Base; path = Base.lproj/LaunchScreen.storyboard; sourceTree = "<group>"; };
		EFF8955E2773560B00D3E76C /* Info.plist */ = {isa = PBXFileReference; lastKnownFileType = text.plist.xml; path = Info.plist; sourceTree = "<group>"; };
/* End PBXFileReference section */

/* Begin PBXFrameworksBuildPhase section */
		EFF8954A2773560B00D3E76C /* Frameworks */ = {
			isa = PBXFrameworksBuildPhase;
			buildActionMask = 2147483647;
			files = (
				45F51014C0C959D564573D8F /* Pods_AppStore.framework in Frameworks */,
			);
			runOnlyForDeploymentPostprocessing = 0;
		};
/* End PBXFrameworksBuildPhase section */

/* Begin PBXGroup section */
		955F81A7CD34EF5FEED63438 /* Pods */ = {
			isa = PBXGroup;
			children = (
				3CAC281FFCF5827D30D41CCC /* Pods-AppStore.debug.xcconfig */,
				1A6E4E703595029DFF5292F0 /* Pods-AppStore.release.xcconfig */,
			);
			path = Pods;
			sourceTree = "<group>";
		};
		AF91D138A4B13C0B94D4902B /* Frameworks */ = {
			isa = PBXGroup;
			children = (
				0ADF0EBD8427CA45BAD278C1 /* Pods_AppStore.framework */,
			);
			name = Frameworks;
			sourceTree = "<group>";
		};
		EFD11B482773F64400ADFE05 /* Scenes */ = {
			isa = PBXGroup;
			children = (
				EFF895542773560B00D3E76C /* TabBarController.swift */,
				EFD11B5027741BF100ADFE05 /* App */,
				EFD11B492773F65D00ADFE05 /* Today */,
			);
			path = Scenes;
			sourceTree = "<group>";
		};
		EFD11B492773F65D00ADFE05 /* Today */ = {
			isa = PBXGroup;
			children = (
				EFD11B4A2773F67D00ADFE05 /* TodayViewController.swift */,
				EFD11B4C2773FE4E00ADFE05 /* TodayCollectionViewCell.swift */,
				EFD11B4E2774030600ADFE05 /* TodayCollectionHeaderView.swift */,
			);
			path = Today;
			sourceTree = "<group>";
		};
		EFD11B5027741BF100ADFE05 /* App */ = {
			isa = PBXGroup;
			children = (
				EFD11B5127741C0700ADFE05 /* AppViewController.swift */,
				EFD11B532774246100ADFE05 /* FeatureSectionView.swift */,
				EFD11B552774508200ADFE05 /* FeatureSectionCollectionViewCell.swift */,
				EFD11B572774549100ADFE05 /* SeparatorView.swift */,
			);
			path = App;
			sourceTree = "<group>";
		};
		EFF895442773560B00D3E76C = {
			isa = PBXGroup;
			children = (
				EFF8954F2773560B00D3E76C /* AppStore */,
				EFF8954E2773560B00D3E76C /* Products */,
				955F81A7CD34EF5FEED63438 /* Pods */,
				AF91D138A4B13C0B94D4902B /* Frameworks */,
			);
			sourceTree = "<group>";
		};
		EFF8954E2773560B00D3E76C /* Products */ = {
			isa = PBXGroup;
			children = (
				EFF8954D2773560B00D3E76C /* AppStore.app */,
			);
			name = Products;
			sourceTree = "<group>";
		};
		EFF8954F2773560B00D3E76C /* AppStore */ = {
			isa = PBXGroup;
			children = (
				EFF895502773560B00D3E76C /* AppDelegate.swift */,
				EFF895522773560B00D3E76C /* SceneDelegate.swift */,
				EFD11B482773F64400ADFE05 /* Scenes */,
				EFF895592773560B00D3E76C /* Assets.xcassets */,
				EFF8955B2773560B00D3E76C /* LaunchScreen.storyboard */,
				EFF8955E2773560B00D3E76C /* Info.plist */,
			);
			path = AppStore;
			sourceTree = "<group>";
		};
/* End PBXGroup section */

/* Begin PBXNativeTarget section */
		EFF8954C2773560B00D3E76C /* AppStore */ = {
			isa = PBXNativeTarget;
			buildConfigurationList = EFF895612773560B00D3E76C /* Build configuration list for PBXNativeTarget "AppStore" */;
			buildPhases = (
				39ADAA3D41A979C1E23D99A3 /* [CP] Check Pods Manifest.lock */,
				EFF895492773560B00D3E76C /* Sources */,
				EFF8954A2773560B00D3E76C /* Frameworks */,
				EFF8954B2773560B00D3E76C /* Resources */,
				4C305C9CDDD1CD40589EA991 /* [CP] Embed Pods Frameworks */,
			);
			buildRules = (
			);
			dependencies = (
			);
			name = AppStore;
			productName = AppStore;
			productReference = EFF8954D2773560B00D3E76C /* AppStore.app */;
			productType = "com.apple.product-type.application";
		};
/* End PBXNativeTarget section */

/* Begin PBXProject section */
		EFF895452773560B00D3E76C /* Project object */ = {
			isa = PBXProject;
			attributes = {
				BuildIndependentTargetsInParallel = 1;
				LastSwiftUpdateCheck = 1320;
				LastUpgradeCheck = 1320;
				TargetAttributes = {
					EFF8954C2773560B00D3E76C = {
						CreatedOnToolsVersion = 13.2.1;
					};
				};
			};
			buildConfigurationList = EFF895482773560B00D3E76C /* Build configuration list for PBXProject "AppStore" */;
			compatibilityVersion = "Xcode 13.0";
			developmentRegion = en;
			hasScannedForEncodings = 0;
			knownRegions = (
				en,
				Base,
			);
			mainGroup = EFF895442773560B00D3E76C;
			productRefGroup = EFF8954E2773560B00D3E76C /* Products */;
			projectDirPath = "";
			projectRoot = "";
			targets = (
				EFF8954C2773560B00D3E76C /* AppStore */,
			);
		};
/* End PBXProject section */

/* Begin PBXResourcesBuildPhase section */
		EFF8954B2773560B00D3E76C /* Resources */ = {
			isa = PBXResourcesBuildPhase;
			buildActionMask = 2147483647;
			files = (
				EFF8955D2773560B00D3E76C /* LaunchScreen.storyboard in Resources */,
				EFF8955A2773560B00D3E76C /* Assets.xcassets in Resources */,
			);
			runOnlyForDeploymentPostprocessing = 0;
		};
/* End PBXResourcesBuildPhase section */

/* Begin PBXShellScriptBuildPhase section */
		39ADAA3D41A979C1E23D99A3 /* [CP] Check Pods Manifest.lock */ = {
			isa = PBXShellScriptBuildPhase;
			buildActionMask = 2147483647;
			files = (
			);
			inputFileListPaths = (
			);
			inputPaths = (
				"${PODS_PODFILE_DIR_PATH}/Podfile.lock",
				"${PODS_ROOT}/Manifest.lock",
			);
			name = "[CP] Check Pods Manifest.lock";
			outputFileListPaths = (
			);
			outputPaths = (
				"$(DERIVED_FILE_DIR)/Pods-AppStore-checkManifestLockResult.txt",
			);
			runOnlyForDeploymentPostprocessing = 0;
			shellPath = /bin/sh;
			shellScript = "diff \"${PODS_PODFILE_DIR_PATH}/Podfile.lock\" \"${PODS_ROOT}/Manifest.lock\" > /dev/null\nif [ $? != 0 ] ; then\n    # print error to STDERR\n    echo \"error: The sandbox is not in sync with the Podfile.lock. Run 'pod install' or update your CocoaPods installation.\" >&2\n    exit 1\nfi\n# This output is used by Xcode 'outputs' to avoid re-running this script phase.\necho \"SUCCESS\" > \"${SCRIPT_OUTPUT_FILE_0}\"\n";
			showEnvVarsInLog = 0;
		};
		4C305C9CDDD1CD40589EA991 /* [CP] Embed Pods Frameworks */ = {
			isa = PBXShellScriptBuildPhase;
			buildActionMask = 2147483647;
			files = (
			);
			inputFileListPaths = (
				"${PODS_ROOT}/Target Support Files/Pods-AppStore/Pods-AppStore-frameworks-${CONFIGURATION}-input-files.xcfilelist",
			);
			name = "[CP] Embed Pods Frameworks";
			outputFileListPaths = (
				"${PODS_ROOT}/Target Support Files/Pods-AppStore/Pods-AppStore-frameworks-${CONFIGURATION}-output-files.xcfilelist",
			);
			runOnlyForDeploymentPostprocessing = 0;
			shellPath = /bin/sh;
			shellScript = "\"${PODS_ROOT}/Target Support Files/Pods-AppStore/Pods-AppStore-frameworks.sh\"\n";
			showEnvVarsInLog = 0;
		};
/* End PBXShellScriptBuildPhase section */

/* Begin PBXSourcesBuildPhase section */
		EFF895492773560B00D3E76C /* Sources */ = {
			isa = PBXSourcesBuildPhase;
			buildActionMask = 2147483647;
			files = (
				EFD11B4B2773F67D00ADFE05 /* TodayViewController.swift in Sources */,
				EFF895552773560B00D3E76C /* TabBarController.swift in Sources */,
				EFD11B582774549100ADFE05 /* SeparatorView.swift in Sources */,
				EFF895512773560B00D3E76C /* AppDelegate.swift in Sources */,
				EFD11B4F2774030600ADFE05 /* TodayCollectionHeaderView.swift in Sources */,
				EFD11B5227741C0700ADFE05 /* AppViewController.swift in Sources */,
				EFD11B562774508200ADFE05 /* FeatureSectionCollectionViewCell.swift in Sources */,
				EFF895532773560B00D3E76C /* SceneDelegate.swift in Sources */,
				EFD11B4D2773FE4E00ADFE05 /* TodayCollectionViewCell.swift in Sources */,
				EFD11B542774246100ADFE05 /* FeatureSectionView.swift in Sources */,
			);
			runOnlyForDeploymentPostprocessing = 0;
		};
/* End PBXSourcesBuildPhase section */

/* Begin PBXVariantGroup section */
		EFF8955B2773560B00D3E76C /* LaunchScreen.storyboard */ = {
			isa = PBXVariantGroup;
			children = (
				EFF8955C2773560B00D3E76C /* Base */,
			);
			name = LaunchScreen.storyboard;
			sourceTree = "<group>";
		};
/* End PBXVariantGroup section */

/* Begin XCBuildConfiguration section */
		EFF8955F2773560B00D3E76C /* Debug */ = {
			isa = XCBuildConfiguration;
			buildSettings = {
				ALWAYS_SEARCH_USER_PATHS = NO;
				CLANG_ANALYZER_NONNULL = YES;
				CLANG_ANALYZER_NUMBER_OBJECT_CONVERSION = YES_AGGRESSIVE;
				CLANG_CXX_LANGUAGE_STANDARD = "gnu++17";
				CLANG_CXX_LIBRARY = "libc++";
				CLANG_ENABLE_MODULES = YES;
				CLANG_ENABLE_OBJC_ARC = YES;
				CLANG_ENABLE_OBJC_WEAK = YES;
				CLANG_WARN_BLOCK_CAPTURE_AUTORELEASING = YES;
				CLANG_WARN_BOOL_CONVERSION = YES;
				CLANG_WARN_COMMA = YES;
				CLANG_WARN_CONSTANT_CONVERSION = YES;
				CLANG_WARN_DEPRECATED_OBJC_IMPLEMENTATIONS = YES;
				CLANG_WARN_DIRECT_OBJC_ISA_USAGE = YES_ERROR;
				CLANG_WARN_DOCUMENTATION_COMMENTS = YES;
				CLANG_WARN_EMPTY_BODY = YES;
				CLANG_WARN_ENUM_CONVERSION = YES;
				CLANG_WARN_INFINITE_RECURSION = YES;
				CLANG_WARN_INT_CONVERSION = YES;
				CLANG_WARN_NON_LITERAL_NULL_CONVERSION = YES;
				CLANG_WARN_OBJC_IMPLICIT_RETAIN_SELF = YES;
				CLANG_WARN_OBJC_LITERAL_CONVERSION = YES;
				CLANG_WARN_OBJC_ROOT_CLASS = YES_ERROR;
				CLANG_WARN_QUOTED_INCLUDE_IN_FRAMEWORK_HEADER = YES;
				CLANG_WARN_RANGE_LOOP_ANALYSIS = YES;
				CLANG_WARN_STRICT_PROTOTYPES = YES;
				CLANG_WARN_SUSPICIOUS_MOVE = YES;
				CLANG_WARN_UNGUARDED_AVAILABILITY = YES_AGGRESSIVE;
				CLANG_WARN_UNREACHABLE_CODE = YES;
				CLANG_WARN__DUPLICATE_METHOD_MATCH = YES;
				COPY_PHASE_STRIP = NO;
				DEBUG_INFORMATION_FORMAT = dwarf;
				ENABLE_STRICT_OBJC_MSGSEND = YES;
				ENABLE_TESTABILITY = YES;
				GCC_C_LANGUAGE_STANDARD = gnu11;
				GCC_DYNAMIC_NO_PIC = NO;
				GCC_NO_COMMON_BLOCKS = YES;
				GCC_OPTIMIZATION_LEVEL = 0;
				GCC_PREPROCESSOR_DEFINITIONS = (
					"DEBUG=1",
					"$(inherited)",
				);
				GCC_WARN_64_TO_32_BIT_CONVERSION = YES;
				GCC_WARN_ABOUT_RETURN_TYPE = YES_ERROR;
				GCC_WARN_UNDECLARED_SELECTOR = YES;
				GCC_WARN_UNINITIALIZED_AUTOS = YES_AGGRESSIVE;
				GCC_WARN_UNUSED_FUNCTION = YES;
				GCC_WARN_UNUSED_VARIABLE = YES;
				IPHONEOS_DEPLOYMENT_TARGET = 15.2;
				MTL_ENABLE_DEBUG_INFO = INCLUDE_SOURCE;
				MTL_FAST_MATH = YES;
				ONLY_ACTIVE_ARCH = YES;
				SDKROOT = iphoneos;
				SWIFT_ACTIVE_COMPILATION_CONDITIONS = DEBUG;
				SWIFT_OPTIMIZATION_LEVEL = "-Onone";
			};
			name = Debug;
		};
		EFF895602773560B00D3E76C /* Release */ = {
			isa = XCBuildConfiguration;
			buildSettings = {
				ALWAYS_SEARCH_USER_PATHS = NO;
				CLANG_ANALYZER_NONNULL = YES;
				CLANG_ANALYZER_NUMBER_OBJECT_CONVERSION = YES_AGGRESSIVE;
				CLANG_CXX_LANGUAGE_STANDARD = "gnu++17";
				CLANG_CXX_LIBRARY = "libc++";
				CLANG_ENABLE_MODULES = YES;
				CLANG_ENABLE_OBJC_ARC = YES;
				CLANG_ENABLE_OBJC_WEAK = YES;
				CLANG_WARN_BLOCK_CAPTURE_AUTORELEASING = YES;
				CLANG_WARN_BOOL_CONVERSION = YES;
				CLANG_WARN_COMMA = YES;
				CLANG_WARN_CONSTANT_CONVERSION = YES;
				CLANG_WARN_DEPRECATED_OBJC_IMPLEMENTATIONS = YES;
				CLANG_WARN_DIRECT_OBJC_ISA_USAGE = YES_ERROR;
				CLANG_WARN_DOCUMENTATION_COMMENTS = YES;
				CLANG_WARN_EMPTY_BODY = YES;
				CLANG_WARN_ENUM_CONVERSION = YES;
				CLANG_WARN_INFINITE_RECURSION = YES;
				CLANG_WARN_INT_CONVERSION = YES;
				CLANG_WARN_NON_LITERAL_NULL_CONVERSION = YES;
				CLANG_WARN_OBJC_IMPLICIT_RETAIN_SELF = YES;
				CLANG_WARN_OBJC_LITERAL_CONVERSION = YES;
				CLANG_WARN_OBJC_ROOT_CLASS = YES_ERROR;
				CLANG_WARN_QUOTED_INCLUDE_IN_FRAMEWORK_HEADER = YES;
				CLANG_WARN_RANGE_LOOP_ANALYSIS = YES;
				CLANG_WARN_STRICT_PROTOTYPES = YES;
				CLANG_WARN_SUSPICIOUS_MOVE = YES;
				CLANG_WARN_UNGUARDED_AVAILABILITY = YES_AGGRESSIVE;
				CLANG_WARN_UNREACHABLE_CODE = YES;
				CLANG_WARN__DUPLICATE_METHOD_MATCH = YES;
				COPY_PHASE_STRIP = NO;
				DEBUG_INFORMATION_FORMAT = "dwarf-with-dsym";
				ENABLE_NS_ASSERTIONS = NO;
				ENABLE_STRICT_OBJC_MSGSEND = YES;
				GCC_C_LANGUAGE_STANDARD = gnu11;
				GCC_NO_COMMON_BLOCKS = YES;
				GCC_WARN_64_TO_32_BIT_CONVERSION = YES;
				GCC_WARN_ABOUT_RETURN_TYPE = YES_ERROR;
				GCC_WARN_UNDECLARED_SELECTOR = YES;
				GCC_WARN_UNINITIALIZED_AUTOS = YES_AGGRESSIVE;
				GCC_WARN_UNUSED_FUNCTION = YES;
				GCC_WARN_UNUSED_VARIABLE = YES;
				IPHONEOS_DEPLOYMENT_TARGET = 15.2;
				MTL_ENABLE_DEBUG_INFO = NO;
				MTL_FAST_MATH = YES;
				SDKROOT = iphoneos;
				SWIFT_COMPILATION_MODE = wholemodule;
				SWIFT_OPTIMIZATION_LEVEL = "-O";
				VALIDATE_PRODUCT = YES;
			};
			name = Release;
		};
		EFF895622773560B00D3E76C /* Debug */ = {
			isa = XCBuildConfiguration;
			baseConfigurationReference = 3CAC281FFCF5827D30D41CCC /* Pods-AppStore.debug.xcconfig */;
			buildSettings = {
				ASSETCATALOG_COMPILER_APPICON_NAME = AppIcon;
				ASSETCATALOG_COMPILER_GLOBAL_ACCENT_COLOR_NAME = AccentColor;
				CODE_SIGN_STYLE = Automatic;
				CURRENT_PROJECT_VERSION = 1;
				DEVELOPMENT_TEAM = MA35V5PR3U;
				GENERATE_INFOPLIST_FILE = YES;
				INFOPLIST_FILE = AppStore/Info.plist;
				INFOPLIST_KEY_UIApplicationSupportsIndirectInputEvents = YES;
				INFOPLIST_KEY_UILaunchStoryboardName = LaunchScreen;
				INFOPLIST_KEY_UISupportedInterfaceOrientations_iPad = "UIInterfaceOrientationPortrait UIInterfaceOrientationPortraitUpsideDown UIInterfaceOrientationLandscapeLeft UIInterfaceOrientationLandscapeRight";
				INFOPLIST_KEY_UISupportedInterfaceOrientations_iPhone = "UIInterfaceOrientationPortrait UIInterfaceOrientationLandscapeLeft UIInterfaceOrientationLandscapeRight";
				LD_RUNPATH_SEARCH_PATHS = (
					"$(inherited)",
					"@executable_path/Frameworks",
				);
				MARKETING_VERSION = 1.0;
				PRODUCT_BUNDLE_IDENTIFIER = rlatkddms.AppStore;
				PRODUCT_NAME = "$(TARGET_NAME)";
				SWIFT_EMIT_LOC_STRINGS = YES;
				SWIFT_VERSION = 5.0;
				TARGETED_DEVICE_FAMILY = "1,2";
			};
			name = Debug;
		};
		EFF895632773560B00D3E76C /* Release */ = {
			isa = XCBuildConfiguration;
			baseConfigurationReference = 1A6E4E703595029DFF5292F0 /* Pods-AppStore.release.xcconfig */;
			buildSettings = {
				ASSETCATALOG_COMPILER_APPICON_NAME = AppIcon;
				ASSETCATALOG_COMPILER_GLOBAL_ACCENT_COLOR_NAME = AccentColor;
				CODE_SIGN_STYLE = Automatic;
				CURRENT_PROJECT_VERSION = 1;
				DEVELOPMENT_TEAM = MA35V5PR3U;
				GENERATE_INFOPLIST_FILE = YES;
				INFOPLIST_FILE = AppStore/Info.plist;
				INFOPLIST_KEY_UIApplicationSupportsIndirectInputEvents = YES;
				INFOPLIST_KEY_UILaunchStoryboardName = LaunchScreen;
				INFOPLIST_KEY_UISupportedInterfaceOrientations_iPad = "UIInterfaceOrientationPortrait UIInterfaceOrientationPortraitUpsideDown UIInterfaceOrientationLandscapeLeft UIInterfaceOrientationLandscapeRight";
				INFOPLIST_KEY_UISupportedInterfaceOrientations_iPhone = "UIInterfaceOrientationPortrait UIInterfaceOrientationLandscapeLeft UIInterfaceOrientationLandscapeRight";
				LD_RUNPATH_SEARCH_PATHS = (
					"$(inherited)",
					"@executable_path/Frameworks",
				);
				MARKETING_VERSION = 1.0;
				PRODUCT_BUNDLE_IDENTIFIER = rlatkddms.AppStore;
				PRODUCT_NAME = "$(TARGET_NAME)";
				SWIFT_EMIT_LOC_STRINGS = YES;
				SWIFT_VERSION = 5.0;
				TARGETED_DEVICE_FAMILY = "1,2";
			};
			name = Release;
		};
/* End XCBuildConfiguration section */

/* Begin XCConfigurationList section */
		EFF895482773560B00D3E76C /* Build configuration list for PBXProject "AppStore" */ = {
			isa = XCConfigurationList;
			buildConfigurations = (
				EFF8955F2773560B00D3E76C /* Debug */,
				EFF895602773560B00D3E76C /* Release */,
			);
			defaultConfigurationIsVisible = 0;
			defaultConfigurationName = Release;
		};
		EFF895612773560B00D3E76C /* Build configuration list for PBXNativeTarget "AppStore" */ = {
			isa = XCConfigurationList;
			buildConfigurations = (
				EFF895622773560B00D3E76C /* Debug */,
				EFF895632773560B00D3E76C /* Release */,
			);
			defaultConfigurationIsVisible = 0;
			defaultConfigurationName = Release;
		};
/* End XCConfigurationList section */
	};
	rootObject = EFF895452773560B00D3E76C /* Project object */;
}
